PODS:
  - ReachabilitySwift (5.0.0)
  - Realm (10.7.2):
    - Realm/Headers (= 10.7.2)
  - Realm/Headers (10.7.2)
  - RealmSwift (10.7.2):
    - Realm (= 10.7.2)

DEPENDENCIES:
  - ReachabilitySwift
  - RealmSwift

SPEC REPOS:
  trunk:
    - ReachabilitySwift
    - Realm
    - RealmSwift

SPEC CHECKSUMS:
  ReachabilitySwift: 985039c6f7b23a1da463388634119492ff86c825
  Realm: e523da9ade306c5ae87e85dc09fdef148d3e1cc1
  RealmSwift: 4f6758c3adbdcc87f7b7777107226532a077f61c

PODFILE CHECKSUM: 3731f85f837483c3de0cd2b2e2c767f9199fa1c2

COCOAPODS: 1.10.1
